
Microsoft Visual Studio Solution File, Format Version 12.00
# Visual Studio 15
VisualStudioVersion = 15.0.27004.2005
MinimumVisualStudioVersion = 10.0.40219.1
Project("{FAE04EC0-301F-11D3-BF4B-00C04F79EFBC}") = "Demo", "Demo\Demo.csproj", "{91B98A30-4892-418D-A133-323C912CA0B8}"
EndProject
Project("{FAE04EC0-301F-11D3-BF4B-00C04F79EFBC}") = "Data", "Data\Data.csproj", "{4320C132-843B-4726-B4C1-455811284850}"
EndProject
Project("{FAE04EC0-301F-11D3-BF4B-00C04F79EFBC}") = "Business", "Business\Business.csproj", "{A3866D8E-48E4-4678-BB5F-7B395EE2C82B}"
EndProject
Global
	GlobalSection(SolutionConfigurationPlatforms) = preSolution
		Debug|Any CPU = Debug|Any CPU
		Release|Any CPU = Release|Any CPU
	EndGlobalSection
	GlobalSection(ProjectConfigurationPlatforms) = postSolution
		{91B98A30-4892-418D-A133-323C912CA0B8}.Debug|Any CPU.ActiveCfg = Debug|Any CPU
		{91B98A30-4892-418D-A133-323C912CA0B8}.Debug|Any CPU.Build.0 = Debug|Any CPU
		{91B98A30-4892-418D-A133-323C912CA0B8}.Release|Any CPU.ActiveCfg = Release|Any CPU
		{91B98A30-4892-418D-A133-323C912CA0B8}.Release|Any CPU.Build.0 = Release|Any CPU
		{4320C132-843B-4726-B4C1-455811284850}.Debug|Any CPU.ActiveCfg = Debug|Any CPU
		{4320C132-843B-4726-B4C1-455811284850}.Debug|Any CPU.Build.0 = Debug|Any CPU
		{4320C132-843B-4726-B4C1-455811284850}.Release|Any CPU.ActiveCfg = Release|Any CPU
		{4320C132-843B-4726-B4C1-455811284850}.Release|Any CPU.Build.0 = Release|Any CPU
		{A3866D8E-48E4-4678-BB5F-7B395EE2C82B}.Debug|Any CPU.ActiveCfg = Debug|Any CPU
		{A3866D8E-48E4-4678-BB5F-7B395EE2C82B}.Debug|Any CPU.Build.0 = Debug|Any CPU
		{A3866D8E-48E4-4678-BB5F-7B395EE2C82B}.Release|Any CPU.ActiveCfg = Release|Any CPU
		{A3866D8E-48E4-4678-BB5F-7B395EE2C82B}.Release|Any CPU.Build.0 = Release|Any CPU
	EndGlobalSection
	GlobalSection(SolutionProperties) = preSolution
		HideSolutionNode = FALSE
	EndGlobalSection
	GlobalSection(ExtensibilityGlobals) = postSolution
		SolutionGuid = {F614757E-2ADF-4941-ABDD-00969FEEF8C8}
	EndGlobalSection
EndGlobal
