
Microsoft Visual Studio Solution File, Format Version 12.00
# Visual Studio 15
VisualStudioVersion = 15.0.26730.16
MinimumVisualStudioVersion = 10.0.40219.1
Project("{FAE04EC0-301F-11D3-BF4B-00C04F79EFBC}") = "Project1", "Project1\Project1.csproj", "{ABB7BE6A-B3EF-4B49-B3D6-222FCDD5B61E}"
EndProject
Project("{F184B08F-C81C-45F6-A57F-5ABD9991F28F}") = "Comon", "Comon\Comon.vbproj", "{ACE8A743-B203-4278-941C-1154D92178DB}"
EndProject
Global
	GlobalSection(SolutionConfigurationPlatforms) = preSolution
		Debug|Any CPU = Debug|Any CPU
		Release|Any CPU = Release|Any CPU
	EndGlobalSection
	GlobalSection(ProjectConfigurationPlatforms) = postSolution
		{ABB7BE6A-B3EF-4B49-B3D6-222FCDD5B61E}.Debug|Any CPU.ActiveCfg = Debug|Any CPU
		{ABB7BE6A-B3EF-4B49-B3D6-222FCDD5B61E}.Debug|Any CPU.Build.0 = Debug|Any CPU
		{ABB7BE6A-B3EF-4B49-B3D6-222FCDD5B61E}.Release|Any CPU.ActiveCfg = Release|Any CPU
		{ABB7BE6A-B3EF-4B49-B3D6-222FCDD5B61E}.Release|Any CPU.Build.0 = Release|Any CPU
		{ACE8A743-B203-4278-941C-1154D92178DB}.Debug|Any CPU.ActiveCfg = Debug|Any CPU
		{ACE8A743-B203-4278-941C-1154D92178DB}.Debug|Any CPU.Build.0 = Debug|Any CPU
		{ACE8A743-B203-4278-941C-1154D92178DB}.Release|Any CPU.ActiveCfg = Release|Any CPU
		{ACE8A743-B203-4278-941C-1154D92178DB}.Release|Any CPU.Build.0 = Release|Any CPU
	EndGlobalSection
	GlobalSection(SolutionProperties) = preSolution
		HideSolutionNode = FALSE
	EndGlobalSection
	GlobalSection(ExtensibilityGlobals) = postSolution
		SolutionGuid = {F62DE5B2-1545-48D7-8C79-E2C327647558}
	EndGlobalSection
EndGlobal
