
Microsoft Visual Studio Solution File, Format Version 12.00
# Visual Studio 15
VisualStudioVersion = 15.0.26730.16
MinimumVisualStudioVersion = 10.0.40219.1
Project("{9A19103F-16F7-4668-BE54-9A1E7A4F7556}") = "Lab3ClassLibrary", "Lab3ClassLibrary\Lab3ClassLibrary.csproj", "{48B3DBDA-A50C-4214-8845-0E5260D5F3AA}"
EndProject
Project("{FAE04EC0-301F-11D3-BF4B-00C04F79EFBC}") = "LabUnitTest", "LabUnitTest\LabUnitTest.csproj", "{51CB2151-0F76-4EB5-9AEC-C42F88D4BC51}"
EndProject
Global
	GlobalSection(SolutionConfigurationPlatforms) = preSolution
		Debug|Any CPU = Debug|Any CPU
		Release|Any CPU = Release|Any CPU
	EndGlobalSection
	GlobalSection(ProjectConfigurationPlatforms) = postSolution
		{48B3DBDA-A50C-4214-8845-0E5260D5F3AA}.Debug|Any CPU.ActiveCfg = Debug|Any CPU
		{48B3DBDA-A50C-4214-8845-0E5260D5F3AA}.Debug|Any CPU.Build.0 = Debug|Any CPU
		{48B3DBDA-A50C-4214-8845-0E5260D5F3AA}.Release|Any CPU.ActiveCfg = Release|Any CPU
		{48B3DBDA-A50C-4214-8845-0E5260D5F3AA}.Release|Any CPU.Build.0 = Release|Any CPU
		{51CB2151-0F76-4EB5-9AEC-C42F88D4BC51}.Debug|Any CPU.ActiveCfg = Debug|Any CPU
		{51CB2151-0F76-4EB5-9AEC-C42F88D4BC51}.Debug|Any CPU.Build.0 = Debug|Any CPU
		{51CB2151-0F76-4EB5-9AEC-C42F88D4BC51}.Release|Any CPU.ActiveCfg = Release|Any CPU
		{51CB2151-0F76-4EB5-9AEC-C42F88D4BC51}.Release|Any CPU.Build.0 = Release|Any CPU
	EndGlobalSection
	GlobalSection(SolutionProperties) = preSolution
		HideSolutionNode = FALSE
	EndGlobalSection
	GlobalSection(ExtensibilityGlobals) = postSolution
		SolutionGuid = {9A1B09C9-E687-4BA7-831E-14606F456EE7}
	EndGlobalSection
EndGlobal
