
Microsoft Visual Studio Solution File, Format Version 12.00
# Visual Studio 15
VisualStudioVersion = 15.0.26730.16
MinimumVisualStudioVersion = 10.0.40219.1
Project("{2150E333-8FDC-42A3-9474-1A3956D46DE8}") = "Data", "Data", "{24AAFD8E-D1D5-4A48-827D-77CCD8ED9179}"
EndProject
Project("{2150E333-8FDC-42A3-9474-1A3956D46DE8}") = "Business", "Business", "{980715CD-5B63-43B8-BF0E-15A89669B290}"
EndProject
Project("{2150E333-8FDC-42A3-9474-1A3956D46DE8}") = "Presentation", "Presentation", "{9BDB84E9-0C6E-4A30-87E1-0C0439CCB87E}"
EndProject
Project("{FAE04EC0-301F-11D3-BF4B-00C04F79EFBC}") = "PresentationAPI", "PresentationAPI\PresentationAPI.csproj", "{C9B315F0-B71F-40B7-8DDA-DCDFA7496C4B}"
EndProject
Project("{FAE04EC0-301F-11D3-BF4B-00C04F79EFBC}") = "BunsinessClass", "BunsinessClass\BunsinessClass.csproj", "{DFBCF15C-30CD-40EF-9667-8B32888C5186}"
EndProject
Project("{FAE04EC0-301F-11D3-BF4B-00C04F79EFBC}") = "Data.Domain", "Data.Domain\Data.Domain.csproj", "{32A46080-9003-4EF9-A390-B574026A6CC9}"
EndProject
Project("{FAE04EC0-301F-11D3-BF4B-00C04F79EFBC}") = "Data.Persistance", "Data.Persistance\Data.Persistance.csproj", "{3F904136-3924-4520-96A6-227C4EA4CAFD}"
EndProject
Project("{2150E333-8FDC-42A3-9474-1A3956D46DE8}") = "Tests", "Tests", "{A005AA29-236E-4588-A24F-E3B95EC6DF70}"
EndProject
Global
	GlobalSection(SolutionConfigurationPlatforms) = preSolution
		Debug|Any CPU = Debug|Any CPU
		Release|Any CPU = Release|Any CPU
	EndGlobalSection
	GlobalSection(ProjectConfigurationPlatforms) = postSolution
		{C9B315F0-B71F-40B7-8DDA-DCDFA7496C4B}.Debug|Any CPU.ActiveCfg = Debug|Any CPU
		{C9B315F0-B71F-40B7-8DDA-DCDFA7496C4B}.Debug|Any CPU.Build.0 = Debug|Any CPU
		{C9B315F0-B71F-40B7-8DDA-DCDFA7496C4B}.Release|Any CPU.ActiveCfg = Release|Any CPU
		{C9B315F0-B71F-40B7-8DDA-DCDFA7496C4B}.Release|Any CPU.Build.0 = Release|Any CPU
		{DFBCF15C-30CD-40EF-9667-8B32888C5186}.Debug|Any CPU.ActiveCfg = Debug|Any CPU
		{DFBCF15C-30CD-40EF-9667-8B32888C5186}.Debug|Any CPU.Build.0 = Debug|Any CPU
		{DFBCF15C-30CD-40EF-9667-8B32888C5186}.Release|Any CPU.ActiveCfg = Release|Any CPU
		{DFBCF15C-30CD-40EF-9667-8B32888C5186}.Release|Any CPU.Build.0 = Release|Any CPU
		{32A46080-9003-4EF9-A390-B574026A6CC9}.Debug|Any CPU.ActiveCfg = Debug|Any CPU
		{32A46080-9003-4EF9-A390-B574026A6CC9}.Debug|Any CPU.Build.0 = Debug|Any CPU
		{32A46080-9003-4EF9-A390-B574026A6CC9}.Release|Any CPU.ActiveCfg = Release|Any CPU
		{32A46080-9003-4EF9-A390-B574026A6CC9}.Release|Any CPU.Build.0 = Release|Any CPU
		{3F904136-3924-4520-96A6-227C4EA4CAFD}.Debug|Any CPU.ActiveCfg = Debug|Any CPU
		{3F904136-3924-4520-96A6-227C4EA4CAFD}.Debug|Any CPU.Build.0 = Debug|Any CPU
		{3F904136-3924-4520-96A6-227C4EA4CAFD}.Release|Any CPU.ActiveCfg = Release|Any CPU
		{3F904136-3924-4520-96A6-227C4EA4CAFD}.Release|Any CPU.Build.0 = Release|Any CPU
	EndGlobalSection
	GlobalSection(SolutionProperties) = preSolution
		HideSolutionNode = FALSE
	EndGlobalSection
	GlobalSection(NestedProjects) = preSolution
		{C9B315F0-B71F-40B7-8DDA-DCDFA7496C4B} = {9BDB84E9-0C6E-4A30-87E1-0C0439CCB87E}
		{DFBCF15C-30CD-40EF-9667-8B32888C5186} = {980715CD-5B63-43B8-BF0E-15A89669B290}
		{32A46080-9003-4EF9-A390-B574026A6CC9} = {24AAFD8E-D1D5-4A48-827D-77CCD8ED9179}
		{3F904136-3924-4520-96A6-227C4EA4CAFD} = {24AAFD8E-D1D5-4A48-827D-77CCD8ED9179}
	EndGlobalSection
	GlobalSection(ExtensibilityGlobals) = postSolution
		SolutionGuid = {3DBC195B-4667-44A7-BDF3-38AC5143C1D9}
	EndGlobalSection
EndGlobal
